// !$*UTF8*$!
{
	archiveVersion = 1;
	classes = {
	};
	objectVersion = 50;
	objects = {

/* Begin PBXBuildFile section */
		764F82F025F35C9000A4B8A4 /* AppDelegate.swift in Sources */ = {isa = PBXBuildFile; fileRef = 764F82EF25F35C9000A4B8A4 /* AppDelegate.swift */; };
		764F82F925F35C9100A4B8A4 /* Assets.xcassets in Resources */ = {isa = PBXBuildFile; fileRef = 764F82F825F35C9100A4B8A4 /* Assets.xcassets */; };
		764F82FC25F35C9100A4B8A4 /* LaunchScreen.storyboard in Resources */ = {isa = PBXBuildFile; fileRef = 764F82FA25F35C9100A4B8A4 /* LaunchScreen.storyboard */; };
		768A46E425F35D7900C6EBDB /* DrawViewController.swift in Sources */ = {isa = PBXBuildFile; fileRef = 768A46E325F35D7900C6EBDB /* DrawViewController.swift */; };
		768A46E925F35DA800C6EBDB /* GeneticAlgMatrixGenerator.swift in Sources */ = {isa = PBXBuildFile; fileRef = 768A46E825F35DA800C6EBDB /* GeneticAlgMatrixGenerator.swift */; };
		768A46ED25F35DFE00C6EBDB /* TaskInputMatrix.swift in Sources */ = {isa = PBXBuildFile; fileRef = 768A46EC25F35DFE00C6EBDB /* TaskInputMatrix.swift */; };
		768A46F125F36C4B00C6EBDB /* GreedyAlg.swift in Sources */ = {isa = PBXBuildFile; fileRef = 768A46F025F36C4B00C6EBDB /* GreedyAlg.swift */; };
		768A46F525F36CCF00C6EBDB /* TaskOutput.swift in Sources */ = {isa = PBXBuildFile; fileRef = 768A46F425F36CCF00C6EBDB /* TaskOutput.swift */; };
		768A46F825F36D0B00C6EBDB /* TaskPoint.swift in Sources */ = {isa = PBXBuildFile; fileRef = 768A46F725F36D0B00C6EBDB /* TaskPoint.swift */; };
		768A46FB25F3894B00C6EBDB /* GeneticAlg.swift in Sources */ = {isa = PBXBuildFile; fileRef = 768A46FA25F3894B00C6EBDB /* GeneticAlg.swift */; };
		768A46FE25F3895B00C6EBDB /* AnyAlg.swift in Sources */ = {isa = PBXBuildFile; fileRef = 768A46FD25F3895B00C6EBDB /* AnyAlg.swift */; };
		768A470125F3899800C6EBDB /* AnyAlgDebugger.swift in Sources */ = {isa = PBXBuildFile; fileRef = 768A470025F3899800C6EBDB /* AnyAlgDebugger.swift */; };
		768A470525F38A2C00C6EBDB /* AlgDebugger.swift in Sources */ = {isa = PBXBuildFile; fileRef = 768A470425F38A2C00C6EBDB /* AlgDebugger.swift */; };
		768A470825F399C900C6EBDB /* AnyAlgState.swift in Sources */ = {isa = PBXBuildFile; fileRef = 768A470725F399C900C6EBDB /* AnyAlgState.swift */; };
/* End PBXBuildFile section */

/* Begin PBXFileReference section */
		764F82EC25F35C9000A4B8A4 /* GeneticAlg.app */ = {isa = PBXFileReference; explicitFileType = wrapper.application; includeInIndex = 0; path = GeneticAlg.app; sourceTree = BUILT_PRODUCTS_DIR; };
		764F82EF25F35C9000A4B8A4 /* AppDelegate.swift */ = {isa = PBXFileReference; lastKnownFileType = sourcecode.swift; path = AppDelegate.swift; sourceTree = "<group>"; };
		764F82F825F35C9100A4B8A4 /* Assets.xcassets */ = {isa = PBXFileReference; lastKnownFileType = folder.assetcatalog; path = Assets.xcassets; sourceTree = "<group>"; };
		764F82FB25F35C9100A4B8A4 /* Base */ = {isa = PBXFileReference; lastKnownFileType = file.storyboard; name = Base; path = Base.lproj/LaunchScreen.storyboard; sourceTree = "<group>"; };
		764F82FD25F35C9100A4B8A4 /* Info.plist */ = {isa = PBXFileReference; lastKnownFileType = text.plist.xml; path = Info.plist; sourceTree = "<group>"; };
		768A46E325F35D7900C6EBDB /* DrawViewController.swift */ = {isa = PBXFileReference; lastKnownFileType = sourcecode.swift; path = DrawViewController.swift; sourceTree = "<group>"; };
		768A46E825F35DA800C6EBDB /* GeneticAlgMatrixGenerator.swift */ = {isa = PBXFileReference; lastKnownFileType = sourcecode.swift; path = GeneticAlgMatrixGenerator.swift; sourceTree = "<group>"; };
		768A46EC25F35DFE00C6EBDB /* TaskInputMatrix.swift */ = {isa = PBXFileReference; lastKnownFileType = sourcecode.swift; path = TaskInputMatrix.swift; sourceTree = "<group>"; };
		768A46F025F36C4B00C6EBDB /* GreedyAlg.swift */ = {isa = PBXFileReference; lastKnownFileType = sourcecode.swift; path = GreedyAlg.swift; sourceTree = "<group>"; };
		768A46F425F36CCF00C6EBDB /* TaskOutput.swift */ = {isa = PBXFileReference; lastKnownFileType = sourcecode.swift; path = TaskOutput.swift; sourceTree = "<group>"; };
		768A46F725F36D0B00C6EBDB /* TaskPoint.swift */ = {isa = PBXFileReference; lastKnownFileType = sourcecode.swift; path = TaskPoint.swift; sourceTree = "<group>"; };
		768A46FA25F3894B00C6EBDB /* GeneticAlg.swift */ = {isa = PBXFileReference; lastKnownFileType = sourcecode.swift; path = GeneticAlg.swift; sourceTree = "<group>"; };
		768A46FD25F3895B00C6EBDB /* AnyAlg.swift */ = {isa = PBXFileReference; lastKnownFileType = sourcecode.swift; path = AnyAlg.swift; sourceTree = "<group>"; };
		768A470025F3899800C6EBDB /* AnyAlgDebugger.swift */ = {isa = PBXFileReference; lastKnownFileType = sourcecode.swift; path = AnyAlgDebugger.swift; sourceTree = "<group>"; };
		768A470425F38A2C00C6EBDB /* AlgDebugger.swift */ = {isa = PBXFileReference; lastKnownFileType = sourcecode.swift; path = AlgDebugger.swift; sourceTree = "<group>"; };
		768A470725F399C900C6EBDB /* AnyAlgState.swift */ = {isa = PBXFileReference; lastKnownFileType = sourcecode.swift; path = AnyAlgState.swift; sourceTree = "<group>"; };
/* End PBXFileReference section */

/* Begin PBXFrameworksBuildPhase section */
		764F82E925F35C9000A4B8A4 /* Frameworks */ = {
			isa = PBXFrameworksBuildPhase;
			buildActionMask = 2147483647;
			files = (
			);
			runOnlyForDeploymentPostprocessing = 0;
		};
/* End PBXFrameworksBuildPhase section */

/* Begin PBXGroup section */
		764F82E325F35C9000A4B8A4 = {
			isa = PBXGroup;
			children = (
				764F82EE25F35C9000A4B8A4 /* GeneticAlg */,
				764F82ED25F35C9000A4B8A4 /* Products */,
			);
			sourceTree = "<group>";
		};
		764F82ED25F35C9000A4B8A4 /* Products */ = {
			isa = PBXGroup;
			children = (
				764F82EC25F35C9000A4B8A4 /* GeneticAlg.app */,
			);
			name = Products;
			sourceTree = "<group>";
		};
		764F82EE25F35C9000A4B8A4 /* GeneticAlg */ = {
			isa = PBXGroup;
			children = (
				768A46E125F35D6100C6EBDB /* UserStories */,
				768A46E725F35D8C00C6EBDB /* BusinessLogic */,
				764F830625F35CAE00A4B8A4 /* Resources */,
				764F830525F35CA800A4B8A4 /* Application */,
			);
			path = GeneticAlg;
			sourceTree = "<group>";
		};
		764F830525F35CA800A4B8A4 /* Application */ = {
			isa = PBXGroup;
			children = (
				764F82EF25F35C9000A4B8A4 /* AppDelegate.swift */,
				764F82FA25F35C9100A4B8A4 /* LaunchScreen.storyboard */,
				764F82FD25F35C9100A4B8A4 /* Info.plist */,
			);
			path = Application;
			sourceTree = "<group>";
		};
		764F830625F35CAE00A4B8A4 /* Resources */ = {
			isa = PBXGroup;
			children = (
				764F82F825F35C9100A4B8A4 /* Assets.xcassets */,
			);
			path = Resources;
			sourceTree = "<group>";
		};
		768A46E125F35D6100C6EBDB /* UserStories */ = {
			isa = PBXGroup;
			children = (
				768A46E225F35D6800C6EBDB /* Main */,
			);
			path = UserStories;
			sourceTree = "<group>";
		};
		768A46E225F35D6800C6EBDB /* Main */ = {
			isa = PBXGroup;
			children = (
				768A46E325F35D7900C6EBDB /* DrawViewController.swift */,
			);
			path = Main;
			sourceTree = "<group>";
		};
		768A46E725F35D8C00C6EBDB /* BusinessLogic */ = {
			isa = PBXGroup;
			children = (
				768A470F25F39A2500C6EBDB /* Matrix Generator */,
				768A470E25F39A0000C6EBDB /* Debugger */,
				768A470B25F399EF00C6EBDB /* Models */,
				768A470A25F399EA00C6EBDB /* Algs */,
			);
			path = BusinessLogic;
			sourceTree = "<group>";
		};
		768A470A25F399EA00C6EBDB /* Algs */ = {
			isa = PBXGroup;
			children = (
				768A470D25F399FB00C6EBDB /* Realization */,
				768A470C25F399F600C6EBDB /* Abstract */,
			);
			path = Algs;
			sourceTree = "<group>";
		};
		768A470B25F399EF00C6EBDB /* Models */ = {
			isa = PBXGroup;
			children = (
				768A46EC25F35DFE00C6EBDB /* TaskInputMatrix.swift */,
				768A46F425F36CCF00C6EBDB /* TaskOutput.swift */,
				768A46F725F36D0B00C6EBDB /* TaskPoint.swift */,
			);
			path = Models;
			sourceTree = "<group>";
		};
		768A470C25F399F600C6EBDB /* Abstract */ = {
			isa = PBXGroup;
			children = (
				768A46FD25F3895B00C6EBDB /* AnyAlg.swift */,
				768A470725F399C900C6EBDB /* AnyAlgState.swift */,
			);
			path = Abstract;
			sourceTree = "<group>";
		};
		768A470D25F399FB00C6EBDB /* Realization */ = {
			isa = PBXGroup;
			children = (
				768A46F025F36C4B00C6EBDB /* GreedyAlg.swift */,
				768A46FA25F3894B00C6EBDB /* GeneticAlg.swift */,
			);
			path = Realization;
			sourceTree = "<group>";
		};
		768A470E25F39A0000C6EBDB /* Debugger */ = {
			isa = PBXGroup;
			children = (
				768A470025F3899800C6EBDB /* AnyAlgDebugger.swift */,
				768A470425F38A2C00C6EBDB /* AlgDebugger.swift */,
			);
			path = Debugger;
			sourceTree = "<group>";
		};
		768A470F25F39A2500C6EBDB /* Matrix Generator */ = {
			isa = PBXGroup;
			children = (
				768A46E825F35DA800C6EBDB /* GeneticAlgMatrixGenerator.swift */,
			);
			path = "Matrix Generator";
			sourceTree = "<group>";
		};
/* End PBXGroup section */

/* Begin PBXNativeTarget section */
		764F82EB25F35C9000A4B8A4 /* GeneticAlg */ = {
			isa = PBXNativeTarget;
			buildConfigurationList = 764F830025F35C9100A4B8A4 /* Build configuration list for PBXNativeTarget "GeneticAlg" */;
			buildPhases = (
				764F82E825F35C9000A4B8A4 /* Sources */,
				764F82E925F35C9000A4B8A4 /* Frameworks */,
				764F82EA25F35C9000A4B8A4 /* Resources */,
			);
			buildRules = (
			);
			dependencies = (
			);
			name = GeneticAlg;
			productName = GeneticAlg;
			productReference = 764F82EC25F35C9000A4B8A4 /* GeneticAlg.app */;
			productType = "com.apple.product-type.application";
		};
/* End PBXNativeTarget section */

/* Begin PBXProject section */
		764F82E425F35C9000A4B8A4 /* Project object */ = {
			isa = PBXProject;
			attributes = {
				LastSwiftUpdateCheck = 1220;
				LastUpgradeCheck = 1220;
				TargetAttributes = {
					764F82EB25F35C9000A4B8A4 = {
						CreatedOnToolsVersion = 12.2;
					};
				};
			};
			buildConfigurationList = 764F82E725F35C9000A4B8A4 /* Build configuration list for PBXProject "GeneticAlg" */;
			compatibilityVersion = "Xcode 9.3";
			developmentRegion = en;
			hasScannedForEncodings = 0;
			knownRegions = (
				en,
				Base,
			);
			mainGroup = 764F82E325F35C9000A4B8A4;
			productRefGroup = 764F82ED25F35C9000A4B8A4 /* Products */;
			projectDirPath = "";
			projectRoot = "";
			targets = (
				764F82EB25F35C9000A4B8A4 /* GeneticAlg */,
			);
		};
/* End PBXProject section */

/* Begin PBXResourcesBuildPhase section */
		764F82EA25F35C9000A4B8A4 /* Resources */ = {
			isa = PBXResourcesBuildPhase;
			buildActionMask = 2147483647;
			files = (
				764F82FC25F35C9100A4B8A4 /* LaunchScreen.storyboard in Resources */,
				764F82F925F35C9100A4B8A4 /* Assets.xcassets in Resources */,
			);
			runOnlyForDeploymentPostprocessing = 0;
		};
/* End PBXResourcesBuildPhase section */

/* Begin PBXSourcesBuildPhase section */
		764F82E825F35C9000A4B8A4 /* Sources */ = {
			isa = PBXSourcesBuildPhase;
			buildActionMask = 2147483647;
			files = (
				768A46F125F36C4B00C6EBDB /* GreedyAlg.swift in Sources */,
				768A46E425F35D7900C6EBDB /* DrawViewController.swift in Sources */,
				768A46ED25F35DFE00C6EBDB /* TaskInputMatrix.swift in Sources */,
				768A46F525F36CCF00C6EBDB /* TaskOutput.swift in Sources */,
				768A46FE25F3895B00C6EBDB /* AnyAlg.swift in Sources */,
				768A470125F3899800C6EBDB /* AnyAlgDebugger.swift in Sources */,
				768A46F825F36D0B00C6EBDB /* TaskPoint.swift in Sources */,
				768A46E925F35DA800C6EBDB /* GeneticAlgMatrixGenerator.swift in Sources */,
				768A46FB25F3894B00C6EBDB /* GeneticAlg.swift in Sources */,
				768A470825F399C900C6EBDB /* AnyAlgState.swift in Sources */,
				764F82F025F35C9000A4B8A4 /* AppDelegate.swift in Sources */,
				768A470525F38A2C00C6EBDB /* AlgDebugger.swift in Sources */,
			);
			runOnlyForDeploymentPostprocessing = 0;
		};
/* End PBXSourcesBuildPhase section */

/* Begin PBXVariantGroup section */
		764F82FA25F35C9100A4B8A4 /* LaunchScreen.storyboard */ = {
			isa = PBXVariantGroup;
			children = (
				764F82FB25F35C9100A4B8A4 /* Base */,
			);
			name = LaunchScreen.storyboard;
			sourceTree = "<group>";
		};
/* End PBXVariantGroup section */

/* Begin XCBuildConfiguration section */
		764F82FE25F35C9100A4B8A4 /* Debug */ = {
			isa = XCBuildConfiguration;
			buildSettings = {
				ALWAYS_SEARCH_USER_PATHS = NO;
				CLANG_ANALYZER_NONNULL = YES;
				CLANG_ANALYZER_NUMBER_OBJECT_CONVERSION = YES_AGGRESSIVE;
				CLANG_CXX_LANGUAGE_STANDARD = "gnu++14";
				CLANG_CXX_LIBRARY = "libc++";
				CLANG_ENABLE_MODULES = YES;
				CLANG_ENABLE_OBJC_ARC = YES;
				CLANG_ENABLE_OBJC_WEAK = YES;
				CLANG_WARN_BLOCK_CAPTURE_AUTORELEASING = YES;
				CLANG_WARN_BOOL_CONVERSION = YES;
				CLANG_WARN_COMMA = YES;
				CLANG_WARN_CONSTANT_CONVERSION = YES;
				CLANG_WARN_DEPRECATED_OBJC_IMPLEMENTATIONS = YES;
				CLANG_WARN_DIRECT_OBJC_ISA_USAGE = YES_ERROR;
				CLANG_WARN_DOCUMENTATION_COMMENTS = YES;
				CLANG_WARN_EMPTY_BODY = YES;
				CLANG_WARN_ENUM_CONVERSION = YES;
				CLANG_WARN_INFINITE_RECURSION = YES;
				CLANG_WARN_INT_CONVERSION = YES;
				CLANG_WARN_NON_LITERAL_NULL_CONVERSION = YES;
				CLANG_WARN_OBJC_IMPLICIT_RETAIN_SELF = YES;
				CLANG_WARN_OBJC_LITERAL_CONVERSION = YES;
				CLANG_WARN_OBJC_ROOT_CLASS = YES_ERROR;
				CLANG_WARN_QUOTED_INCLUDE_IN_FRAMEWORK_HEADER = YES;
				CLANG_WARN_RANGE_LOOP_ANALYSIS = YES;
				CLANG_WARN_STRICT_PROTOTYPES = YES;
				CLANG_WARN_SUSPICIOUS_MOVE = YES;
				CLANG_WARN_UNGUARDED_AVAILABILITY = YES_AGGRESSIVE;
				CLANG_WARN_UNREACHABLE_CODE = YES;
				CLANG_WARN__DUPLICATE_METHOD_MATCH = YES;
				COPY_PHASE_STRIP = NO;
				DEBUG_INFORMATION_FORMAT = dwarf;
				ENABLE_STRICT_OBJC_MSGSEND = YES;
				ENABLE_TESTABILITY = YES;
				GCC_C_LANGUAGE_STANDARD = gnu11;
				GCC_DYNAMIC_NO_PIC = NO;
				GCC_NO_COMMON_BLOCKS = YES;
				GCC_OPTIMIZATION_LEVEL = 0;
				GCC_PREPROCESSOR_DEFINITIONS = (
					"DEBUG=1",
					"$(inherited)",
				);
				GCC_WARN_64_TO_32_BIT_CONVERSION = YES;
				GCC_WARN_ABOUT_RETURN_TYPE = YES_ERROR;
				GCC_WARN_UNDECLARED_SELECTOR = YES;
				GCC_WARN_UNINITIALIZED_AUTOS = YES_AGGRESSIVE;
				GCC_WARN_UNUSED_FUNCTION = YES;
				GCC_WARN_UNUSED_VARIABLE = YES;
				IPHONEOS_DEPLOYMENT_TARGET = 14.2;
				MTL_ENABLE_DEBUG_INFO = INCLUDE_SOURCE;
				MTL_FAST_MATH = YES;
				ONLY_ACTIVE_ARCH = YES;
				SDKROOT = iphoneos;
				SWIFT_ACTIVE_COMPILATION_CONDITIONS = DEBUG;
				SWIFT_OPTIMIZATION_LEVEL = "-Onone";
			};
			name = Debug;
		};
		764F82FF25F35C9100A4B8A4 /* Release */ = {
			isa = XCBuildConfiguration;
			buildSettings = {
				ALWAYS_SEARCH_USER_PATHS = NO;
				CLANG_ANALYZER_NONNULL = YES;
				CLANG_ANALYZER_NUMBER_OBJECT_CONVERSION = YES_AGGRESSIVE;
				CLANG_CXX_LANGUAGE_STANDARD = "gnu++14";
				CLANG_CXX_LIBRARY = "libc++";
				CLANG_ENABLE_MODULES = YES;
				CLANG_ENABLE_OBJC_ARC = YES;
				CLANG_ENABLE_OBJC_WEAK = YES;
				CLANG_WARN_BLOCK_CAPTURE_AUTORELEASING = YES;
				CLANG_WARN_BOOL_CONVERSION = YES;
				CLANG_WARN_COMMA = YES;
				CLANG_WARN_CONSTANT_CONVERSION = YES;
				CLANG_WARN_DEPRECATED_OBJC_IMPLEMENTATIONS = YES;
				CLANG_WARN_DIRECT_OBJC_ISA_USAGE = YES_ERROR;
				CLANG_WARN_DOCUMENTATION_COMMENTS = YES;
				CLANG_WARN_EMPTY_BODY = YES;
				CLANG_WARN_ENUM_CONVERSION = YES;
				CLANG_WARN_INFINITE_RECURSION = YES;
				CLANG_WARN_INT_CONVERSION = YES;
				CLANG_WARN_NON_LITERAL_NULL_CONVERSION = YES;
				CLANG_WARN_OBJC_IMPLICIT_RETAIN_SELF = YES;
				CLANG_WARN_OBJC_LITERAL_CONVERSION = YES;
				CLANG_WARN_OBJC_ROOT_CLASS = YES_ERROR;
				CLANG_WARN_QUOTED_INCLUDE_IN_FRAMEWORK_HEADER = YES;
				CLANG_WARN_RANGE_LOOP_ANALYSIS = YES;
				CLANG_WARN_STRICT_PROTOTYPES = YES;
				CLANG_WARN_SUSPICIOUS_MOVE = YES;
				CLANG_WARN_UNGUARDED_AVAILABILITY = YES_AGGRESSIVE;
				CLANG_WARN_UNREACHABLE_CODE = YES;
				CLANG_WARN__DUPLICATE_METHOD_MATCH = YES;
				COPY_PHASE_STRIP = NO;
				DEBUG_INFORMATION_FORMAT = "dwarf-with-dsym";
				ENABLE_NS_ASSERTIONS = NO;
				ENABLE_STRICT_OBJC_MSGSEND = YES;
				GCC_C_LANGUAGE_STANDARD = gnu11;
				GCC_NO_COMMON_BLOCKS = YES;
				GCC_WARN_64_TO_32_BIT_CONVERSION = YES;
				GCC_WARN_ABOUT_RETURN_TYPE = YES_ERROR;
				GCC_WARN_UNDECLARED_SELECTOR = YES;
				GCC_WARN_UNINITIALIZED_AUTOS = YES_AGGRESSIVE;
				GCC_WARN_UNUSED_FUNCTION = YES;
				GCC_WARN_UNUSED_VARIABLE = YES;
				IPHONEOS_DEPLOYMENT_TARGET = 14.2;
				MTL_ENABLE_DEBUG_INFO = NO;
				MTL_FAST_MATH = YES;
				SDKROOT = iphoneos;
				SWIFT_COMPILATION_MODE = wholemodule;
				SWIFT_OPTIMIZATION_LEVEL = "-O";
				VALIDATE_PRODUCT = YES;
			};
			name = Release;
		};
		764F830125F35C9100A4B8A4 /* Debug */ = {
			isa = XCBuildConfiguration;
			buildSettings = {
				ASSETCATALOG_COMPILER_APPICON_NAME = AppIcon;
				ASSETCATALOG_COMPILER_GLOBAL_ACCENT_COLOR_NAME = AccentColor;
				CODE_SIGN_STYLE = Automatic;
				DEVELOPMENT_TEAM = MZ27NMUWPC;
				INFOPLIST_FILE = GeneticAlg/Application/Info.plist;
				LD_RUNPATH_SEARCH_PATHS = (
					"$(inherited)",
					"@executable_path/Frameworks",
				);
				PRODUCT_BUNDLE_IDENTIFIER = ru.alexfilimon.GeneticAlg;
				PRODUCT_NAME = "$(TARGET_NAME)";
				SWIFT_VERSION = 5.0;
				TARGETED_DEVICE_FAMILY = "1,2";
			};
			name = Debug;
		};
		764F830225F35C9100A4B8A4 /* Release */ = {
			isa = XCBuildConfiguration;
			buildSettings = {
				ASSETCATALOG_COMPILER_APPICON_NAME = AppIcon;
				ASSETCATALOG_COMPILER_GLOBAL_ACCENT_COLOR_NAME = AccentColor;
				CODE_SIGN_STYLE = Automatic;
				DEVELOPMENT_TEAM = MZ27NMUWPC;
				INFOPLIST_FILE = GeneticAlg/Application/Info.plist;
				LD_RUNPATH_SEARCH_PATHS = (
					"$(inherited)",
					"@executable_path/Frameworks",
				);
				PRODUCT_BUNDLE_IDENTIFIER = ru.alexfilimon.GeneticAlg;
				PRODUCT_NAME = "$(TARGET_NAME)";
				SWIFT_VERSION = 5.0;
				TARGETED_DEVICE_FAMILY = "1,2";
			};
			name = Release;
		};
/* End XCBuildConfiguration section */

/* Begin XCConfigurationList section */
		764F82E725F35C9000A4B8A4 /* Build configuration list for PBXProject "GeneticAlg" */ = {
			isa = XCConfigurationList;
			buildConfigurations = (
				764F82FE25F35C9100A4B8A4 /* Debug */,
				764F82FF25F35C9100A4B8A4 /* Release */,
			);
			defaultConfigurationIsVisible = 0;
			defaultConfigurationName = Release;
		};
		764F830025F35C9100A4B8A4 /* Build configuration list for PBXNativeTarget "GeneticAlg" */ = {
			isa = XCConfigurationList;
			buildConfigurations = (
				764F830125F35C9100A4B8A4 /* Debug */,
				764F830225F35C9100A4B8A4 /* Release */,
			);
			defaultConfigurationIsVisible = 0;
			defaultConfigurationName = Release;
		};
/* End XCConfigurationList section */
	};
	rootObject = 764F82E425F35C9000A4B8A4 /* Project object */;
}
